net000000 0 1727                    
(76,127)-(77,127)
(77,127)-(78,127)
(78,127)-(79,127)
(79,127)-(80,127)
(80,127)-(81,127)
(81,127)-(81,128)
(81,128)-(81,129)
(81,129)-(81,130)
(81,130)-(81,131)
(81,131)-(82,131)
(82,131)-(82,132)
(82,132)-(82,133)
(82,133)-(83,133)
(83,133)-(83,134)
(83,134)-(84,134)
(84,134)-(84,135)
(84,135)-(84,136)
(84,136)-(85,136)
(85,136)-(86,136)
(86,136)-(87,136)
(87,136)-(88,136)
(88,136)-(88,137)
(88,137)-(89,137)
(89,137)-(90,137)
(90,137)-(90,138)
(90,138)-(90,139)
(90,139)-(90,140)
(90,140)-(90,141)
(90,141)-(91,141)
(91,141)-(92,141)
(92,141)-(92,142)
(92,142)-(92,143)
(92,143)-(93,143)
(93,143)-(93,144)
(93,144)-(94,144)
(94,144)-(95,144)
(95,144)-(96,144)
(96,144)-(97,144)
(97,144)-(98,144)
(98,144)-(99,144)
(99,144)-(100,144)
(100,144)-(101,144)
(101,144)-(102,144)
(102,144)-(103,144)
(103,144)-(103,143)
(103,143)-(103,142)
(103,142)-(103,141)
(103,141)-(104,141)
(104,141)-(105,141)
(105,141)-(106,141)
(106,141)-(107,141)
(107,141)-(108,141)
(108,141)-(109,141)
(109,141)-(110,141)
(110,141)-(111,141)
(111,141)-(112,141)
(112,141)-(113,141)
(113,141)-(114,141)
(114,141)-(115,141)
(115,141)-(115,140)
(115,140)-(115,139)
(115,139)-(115,138)
(115,138)-(115,137)
(115,137)-(115,136)
(115,136)-(115,135)
(115,135)-(115,134)
(115,134)-(115,133)
(115,133)-(115,132)
(115,132)-(115,131)
(115,131)-(115,130)
(115,130)-(115,129)
(115,129)-(115,128)
(115,128)-(115,127)
(115,127)-(115,126)
(115,126)-(116,126)
(116,126)-(117,126)
(117,126)-(118,126)
(118,126)-(119,126)
(119,126)-(120,126)
(120,126)-(121,126)
(121,126)-(122,126)
(122,126)-(123,126)
(123,126)-(124,126)
(124,126)-(125,126)
(125,126)-(126,126)
(126,126)-(127,126)
(127,126)-(128,126)
(128,126)-(129,126)
(129,126)-(129,125)
(129,125)-(129,124)
(129,124)-(129,123)
(129,123)-(129,122)
(129,122)-(129,121)
(129,121)-(130,121)
(130,121)-(130,120)
(130,120)-(130,119)
(130,119)-(130,118)
(130,118)-(130,117)
(130,117)-(130,116)
(130,116)-(130,115)
(130,115)-(130,114)
(130,114)-(130,113)
(130,113)-(131,113)
(131,113)-(132,113)
(132,113)-(133,113)
(133,113)-(134,113)
(134,113)-(135,113)
(135,113)-(136,113)
(136,113)-(137,113)
(137,113)-(138,113)
(138,113)-(139,113)
(139,113)-(140,113)
(140,113)-(141,113)
(141,113)-(142,113)
(142,113)-(143,113)
(143,113)-(144,113)
(144,113)-(145,113)
(145,113)-(146,113)
(146,113)-(147,113)
(147,113)-(148,113)
(148,113)-(149,113)
(149,113)-(150,113)
(150,113)-(151,113)
(151,113)-(152,113)
(152,113)-(153,113)
(153,113)-(154,113)
(154,113)-(155,113)
(155,113)-(156,113)
(156,113)-(157,113)
(157,113)-(158,113)
(158,113)-(159,113)
(153,113)-(153,112)
(153,112)-(153,111)
(153,111)-(153,110)
(153,110)-(153,109)
(153,109)-(153,108)
(153,108)-(153,107)
(153,107)-(153,106)
(153,106)-(153,105)
(81,127)-(81,126)
(81,126)-(81,125)
(81,125)-(81,124)
(81,124)-(81,123)
(81,123)-(81,122)
(81,122)-(81,121)
(81,121)-(81,120)
(81,120)-(81,119)
(81,119)-(81,118)
(81,118)-(81,117)
(81,117)-(81,116)
(81,116)-(81,115)
(81,115)-(81,114)
(81,114)-(81,113)
(81,113)-(81,112)
(81,112)-(81,111)
(81,111)-(81,110)
(81,110)-(81,109)
(81,109)-(81,108)
(81,108)-(81,107)
(81,107)-(81,106)
(81,106)-(81,105)
(81,105)-(81,104)
(81,104)-(81,103)
(81,103)-(81,102)
(81,102)-(81,101)
(81,101)-(81,100)
(81,100)-(81,99)
(81,99)-(81,98)
(81,98)-(81,97)
(81,97)-(81,96)
(81,96)-(82,96)
(82,96)-(83,96)
(83,96)-(84,96)
(84,96)-(85,96)
(85,96)-(86,96)
(86,96)-(87,96)
(87,96)-(88,96)
(88,96)-(89,96)
(89,96)-(90,96)
(90,96)-(91,96)
(91,96)-(92,96)
(92,96)-(93,96)
(93,96)-(94,96)
(84,136)-(84,137)
(84,137)-(84,138)
(84,138)-(84,139)
(84,139)-(84,140)
(84,140)-(84,141)
(84,141)-(84,142)
(84,142)-(84,143)
(84,143)-(84,144)
(84,144)-(84,145)
(84,145)-(84,146)
(84,146)-(83,146)
(83,146)-(82,146)
(82,146)-(81,146)
(81,146)-(80,146)
(97,144)-(97,145)
(97,145)-(97,146)
(97,146)-(97,147)
(97,147)-(97,148)
(97,148)-(97,149)
(97,149)-(97,150)
(97,150)-(97,151)
(97,151)-(97,152)
(97,152)-(97,153)
(97,153)-(97,154)
(97,154)-(97,155)
(97,155)-(97,156)
(97,156)-(97,157)
(97,157)-(97,158)
(97,158)-(97,159)
(97,159)-(97,160)
(97,160)-(97,161)
(97,161)-(97,162)
(97,162)-(97,163)
(97,163)-(97,164)
(97,164)-(97,165)
(97,165)-(97,166)
(97,166)-(97,167)
(97,166)-(97,167)
(97,167)-(97,168)
(97,168)-(97,169)
(97,169)-(97,170)
(97,170)-(97,171)
(97,171)-(97,172)
(97,172)-(97,173)
(97,173)-(97,174)
(97,174)-(97,175)
(97,175)-(97,176)
(97,176)-(97,177)
(97,177)-(97,178)
(97,178)-(97,179)
(97,179)-(97,180)
(97,180)-(98,180)
(98,180)-(99,180)
(99,180)-(100,180)
(100,180)-(101,180)
(101,180)-(102,180)
(102,180)-(103,180)
(103,180)-(104,180)
(104,180)-(104,181)
(104,181)-(104,182)
(104,182)-(104,183)
(104,183)-(104,184)
(104,184)-(105,184)
(105,184)-(106,184)
(106,184)-(107,184)
(107,184)-(108,184)
(108,184)-(109,184)
(109,184)-(110,184)
(110,184)-(111,184)
(111,184)-(112,184)
(112,184)-(113,184)
(113,184)-(114,184)
(114,184)-(115,184)
(115,184)-(116,184)
(116,184)-(117,184)
(117,184)-(118,184)
(118,184)-(119,184)
(119,184)-(120,184)
(120,184)-(121,184)
(121,184)-(122,184)
(122,184)-(123,184)
(123,184)-(124,184)
(124,184)-(125,184)
(125,184)-(126,184)
(126,184)-(127,184)
(127,184)-(128,184)
(128,184)-(129,184)
(129,184)-(130,184)
(130,184)-(131,184)
(131,184)-(131,185)
(131,185)-(132,185)
(132,185)-(133,185)
(133,185)-(134,185)
(134,185)-(135,185)
(158,113)-(158,114)
(158,114)-(158,115)
(158,115)-(158,116)
(158,116)-(158,117)
(158,117)-(158,118)
(158,118)-(158,119)
(158,119)-(158,120)
(158,120)-(158,121)
(158,121)-(158,122)
(158,122)-(158,123)
(158,123)-(158,124)
(158,124)-(158,125)
(158,125)-(158,126)
(158,126)-(158,127)
(158,127)-(158,128)
(158,128)-(158,129)
(158,129)-(158,130)
(158,130)-(158,131)
(158,131)-(158,132)
(158,132)-(158,133)
(158,133)-(158,134)
(158,134)-(158,135)
(158,135)-(158,136)
(158,136)-(158,137)
(158,137)-(158,138)
(158,138)-(158,139)
(158,139)-(158,140)
(158,140)-(158,141)
(158,141)-(158,142)
(158,142)-(158,143)
(158,143)-(158,144)
(158,144)-(158,145)
(158,145)-(158,146)
(158,146)-(158,147)
(158,147)-(159,147)
(159,147)-(160,147)
(160,147)-(161,147)
(161,147)-(162,147)
(162,147)-(163,147)
(163,147)-(164,147)
(164,147)-(165,147)
(165,147)-(166,147)
(166,147)-(167,147)
(167,147)-(168,147)
(168,147)-(169,147)
(169,147)-(170,147)
(170,147)-(171,147)
(171,147)-(172,147)
(172,147)-(173,147)
(173,147)-(174,147)
(174,147)-(175,147)
(175,147)-(176,147)
(173,147)-(173,148)
(173,148)-(173,149)
(173,149)-(173,150)
(173,150)-(173,151)
(153,106)-(153,105)
(153,105)-(153,104)
(153,104)-(153,103)
(153,103)-(153,102)
(153,102)-(153,101)
(153,101)-(153,100)
(153,100)-(153,99)
(153,99)-(153,98)
(153,98)-(153,97)
(153,97)-(153,96)
(153,96)-(153,95)
(153,95)-(153,94)
(153,94)-(154,94)
(154,94)-(155,94)
(155,94)-(156,94)
(156,94)-(157,94)
(157,94)-(157,93)
(157,93)-(157,92)
(157,92)-(157,91)
(157,91)-(157,90)
(157,90)-(157,89)
(157,89)-(157,88)
(157,88)-(157,87)
(157,87)-(157,86)
(157,86)-(156,86)
(156,86)-(156,85)
(156,85)-(156,84)
(156,84)-(156,83)
(156,83)-(156,82)
(134,185)-(134,186)
(134,186)-(135,186)
(135,186)-(136,186)
(136,186)-(137,186)
(137,186)-(138,186)
(138,186)-(139,186)
(139,186)-(140,186)
(140,186)-(141,186)
(141,186)-(142,186)
(142,186)-(143,186)
(143,186)-(144,186)
(144,186)-(145,186)
(145,186)-(146,186)
(146,186)-(147,186)
(158,113)-(159,113)
(159,113)-(160,113)
(160,113)-(161,113)
(161,113)-(162,113)
(162,113)-(163,113)
(163,113)-(163,112)
(163,112)-(164,112)
(164,112)-(165,112)
(165,112)-(166,112)
(166,112)-(167,112)
(167,112)-(168,112)
(168,112)-(169,112)
(169,112)-(170,112)
(170,112)-(171,112)
(171,112)-(172,112)
(172,112)-(173,112)
(173,112)-(174,112)
(174,112)-(175,112)
(175,112)-(176,112)
(176,112)-(177,112)
(177,112)-(178,112)
(178,112)-(179,112)
(179,112)-(180,112)
(180,112)-(181,112)
(181,112)-(182,112)
(182,112)-(183,112)
(183,112)-(184,112)
(184,112)-(185,112)
(185,112)-(186,112)
(186,112)-(187,112)
(187,112)-(188,112)
(188,112)-(189,112)
(189,112)-(190,112)
(190,112)-(191,112)
(191,112)-(192,112)
(192,112)-(193,112)
(193,112)-(194,112)
(194,112)-(195,112)
(195,112)-(196,112)
(109,184)-(109,185)
(109,185)-(109,186)
(109,186)-(109,187)
(109,187)-(109,188)
(109,188)-(109,189)
(109,189)-(109,190)
(109,190)-(109,191)
(109,191)-(109,192)
(109,192)-(109,193)
(109,193)-(109,194)
(109,194)-(109,195)
(109,195)-(109,196)
(109,196)-(109,197)
(109,197)-(109,198)
(109,198)-(109,199)
(109,199)-(109,200)
(109,200)-(109,201)
(109,201)-(109,202)
(109,202)-(109,203)
(109,203)-(109,204)
(109,204)-(109,205)
(109,205)-(109,206)
(109,206)-(109,207)
(109,207)-(109,208)
(109,208)-(110,208)
(110,208)-(111,208)
(111,208)-(112,208)
(112,208)-(113,208)
(113,208)-(114,208)
(114,208)-(115,208)
(115,208)-(116,208)
(116,208)-(117,208)
(117,208)-(118,208)
(156,83)-(155,83)
(155,83)-(155,82)
(155,82)-(155,81)
(155,81)-(155,80)
(155,80)-(155,79)
(155,79)-(154,79)
(154,79)-(153,79)
(153,79)-(152,79)
(152,79)-(151,79)
(151,79)-(151,78)
(151,78)-(151,77)
(151,77)-(151,76)
(151,76)-(151,75)
(151,75)-(151,74)
(151,74)-(151,73)
(151,73)-(151,72)
(151,72)-(151,71)
(151,71)-(151,70)
(151,70)-(150,70)
(150,70)-(149,70)
(149,70)-(148,70)
(148,70)-(147,70)
(147,70)-(146,70)
(146,70)-(145,70)
(145,70)-(144,70)
(144,70)-(143,70)
(143,70)-(142,70)
(142,70)-(141,70)
(141,70)-(140,70)
(140,70)-(139,70)
(139,70)-(138,70)
(138,70)-(137,70)
(137,70)-(136,70)
(136,70)-(135,70)
(135,70)-(134,70)
(134,70)-(133,70)
(133,70)-(132,70)
(132,70)-(131,70)
(131,70)-(130,70)
(130,70)-(129,70)
(129,70)-(128,70)
(128,70)-(128,69)
(128,69)-(128,68)
(128,68)-(128,67)
(128,67)-(128,66)
(128,66)-(128,65)
(128,65)-(128,64)
(128,64)-(128,63)
(128,63)-(127,63)
(127,63)-(127,62)
(127,62)-(127,61)
(127,61)-(127,60)
(127,60)-(127,59)
(127,59)-(127,58)
(127,58)-(127,57)
(127,57)-(127,56)
(127,56)-(127,55)
(127,55)-(127,54)
(127,54)-(127,53)
(127,53)-(127,52)
(127,52)-(127,51)
(127,51)-(127,50)
(127,50)-(127,49)
(127,49)-(127,48)
(127,48)-(127,47)
(127,47)-(127,46)
(127,46)-(127,45)
(127,45)-(127,44)
(127,44)-(127,43)
(127,43)-(127,42)
(155,79)-(155,78)
(155,78)-(155,77)
(155,77)-(156,77)
(156,77)-(157,77)
(157,77)-(158,77)
(158,77)-(159,77)
(159,77)-(160,77)
(160,77)-(161,77)
(161,77)-(162,77)
(162,77)-(163,77)
(163,77)-(164,77)
(164,77)-(165,77)
(165,77)-(166,77)
(166,77)-(167,77)
(167,77)-(168,77)
(168,77)-(169,77)
(169,77)-(170,77)
(170,77)-(171,77)
(171,77)-(172,77)
(172,77)-(173,77)
(173,77)-(174,77)
(174,77)-(175,77)
(175,77)-(176,77)
(176,77)-(177,77)
(177,77)-(178,77)
(178,77)-(179,77)
(81,113)-(80,113)
(80,113)-(79,113)
(79,113)-(78,113)
(78,113)-(77,113)
(77,113)-(76,113)
(76,113)-(75,113)
(75,113)-(74,113)
(74,113)-(73,113)
(73,113)-(72,113)
(72,113)-(71,113)
(71,113)-(70,113)
(70,113)-(69,113)
(69,113)-(68,113)
(68,113)-(67,113)
(67,113)-(67,114)
(67,114)-(67,115)
(67,115)-(67,116)
(67,116)-(67,117)
(67,117)-(67,118)
(67,118)-(67,119)
(67,119)-(67,120)
(67,120)-(67,121)
(67,121)-(66,121)
(66,121)-(65,121)
(65,121)-(64,121)
(64,121)-(63,121)
(63,121)-(62,121)
(62,121)-(61,121)
(61,121)-(60,121)
(60,121)-(59,121)
(59,121)-(58,121)
(58,121)-(57,121)
(57,121)-(56,121)
(56,121)-(55,121)
(55,121)-(54,121)
(54,121)-(53,121)
(53,121)-(52,121)
(52,121)-(51,121)
(51,121)-(50,121)
(50,121)-(50,122)
(50,122)-(50,123)
(50,123)-(50,124)
(50,124)-(50,125)
(50,125)-(50,126)
(50,126)-(50,127)
(50,127)-(50,128)
(50,128)-(50,129)
(50,129)-(49,129)
(49,129)-(48,129)
(48,129)-(47,129)
(47,129)-(46,129)
(46,129)-(45,129)
(45,129)-(44,129)
(44,129)-(43,129)
(43,129)-(42,129)
(42,129)-(41,129)
(41,129)-(41,130)
(41,130)-(41,131)
(41,131)-(41,132)
(41,132)-(41,133)
(41,133)-(41,134)
(41,134)-(41,135)
(41,135)-(41,136)
(41,136)-(41,137)
(41,137)-(41,138)
(41,138)-(41,139)
(41,139)-(41,140)
(41,140)-(41,141)
(41,141)-(41,142)
(41,142)-(41,143)
(41,143)-(41,144)
(41,144)-(41,145)
(41,145)-(41,146)
(41,146)-(40,146)
(40,146)-(39,146)
(39,146)-(38,146)
(195,112)-(196,112)
(196,112)-(197,112)
(197,112)-(198,112)
(198,112)-(199,112)
(199,112)-(200,112)
(200,112)-(201,112)
(201,112)-(202,112)
(202,112)-(203,112)
(203,112)-(204,112)
(204,112)-(205,112)
(205,112)-(206,112)
(206,112)-(207,112)
(207,112)-(208,112)
(208,112)-(209,112)
(209,112)-(210,112)
(210,112)-(211,112)
(211,112)-(212,112)
(212,112)-(213,112)
(213,112)-(214,112)
(214,112)-(215,112)
(215,112)-(216,112)
(216,112)-(217,112)
(217,112)-(217,113)
(217,113)-(217,114)
(217,114)-(217,115)
(217,115)-(217,116)
(217,116)-(217,117)
(217,117)-(218,117)
(218,117)-(219,117)
(219,117)-(220,117)
(220,117)-(221,117)
(50,121)-(50,120)
(50,120)-(50,119)
(50,119)-(50,118)
(50,118)-(50,117)
(50,117)-(50,116)
(50,116)-(50,115)
(50,115)-(50,114)
(50,114)-(50,113)
(50,113)-(50,112)
(50,112)-(50,111)
(50,111)-(50,110)
(50,110)-(50,109)
(50,109)-(50,108)
(50,108)-(50,107)
(50,107)-(50,106)
(50,106)-(50,105)
(50,105)-(50,104)
(50,104)-(50,103)
(50,103)-(50,102)
(50,102)-(50,101)
(50,101)-(50,100)
(50,100)-(50,99)
(50,99)-(50,98)
(50,98)-(50,97)
(50,97)-(50,96)
(50,96)-(50,95)
(50,95)-(50,94)
(50,94)-(50,93)
(50,93)-(50,92)
(50,92)-(50,91)
(173,150)-(173,151)
(173,151)-(173,152)
(173,152)-(173,153)
(173,153)-(173,154)
(173,154)-(173,155)
(173,155)-(173,156)
(173,156)-(173,157)
(173,157)-(173,158)
(173,158)-(173,159)
(173,159)-(173,160)
(173,160)-(173,161)
(173,161)-(173,162)
(173,162)-(173,163)
(173,163)-(173,164)
(173,164)-(173,165)
(173,165)-(173,166)
(173,166)-(173,167)
(173,167)-(173,168)
(173,168)-(173,169)
(173,169)-(173,170)
(173,170)-(173,171)
(173,171)-(173,172)
(173,172)-(173,173)
(173,173)-(174,173)
(174,173)-(175,173)
(175,173)-(176,173)
(176,173)-(177,173)
(177,173)-(178,173)
(178,173)-(179,173)
(179,173)-(180,173)
(180,173)-(181,173)
(181,173)-(182,173)
(182,173)-(183,173)
(183,173)-(184,173)
(146,186)-(146,187)
(146,187)-(146,188)
(146,188)-(146,189)
(146,189)-(146,190)
(146,190)-(146,191)
(146,191)-(146,192)
(146,192)-(147,192)
(147,192)-(148,192)
(148,192)-(149,192)
(149,192)-(150,192)
(150,192)-(151,192)
(151,192)-(152,192)
(152,192)-(153,192)
(153,192)-(154,192)
(154,192)-(155,192)
(155,192)-(155,193)
(155,193)-(155,194)
(155,194)-(155,195)
(155,195)-(155,196)
(155,196)-(155,197)
(155,197)-(155,198)
(155,198)-(155,199)
(155,199)-(156,199)
(156,199)-(157,199)
(157,199)-(158,199)
(158,199)-(159,199)
(41,146)-(41,147)
(41,147)-(41,148)
(41,148)-(41,149)
(41,149)-(41,150)
(41,150)-(41,151)
(41,151)-(41,152)
(41,152)-(41,153)
(41,153)-(41,154)
(41,154)-(41,155)
(41,155)-(42,155)
(42,155)-(43,155)
(212,112)-(212,111)
(212,111)-(212,110)
(212,110)-(212,109)
(212,109)-(212,108)
(212,108)-(212,107)
(212,107)-(212,106)
(212,106)-(212,105)
(212,105)-(212,104)
(212,104)-(212,103)
(212,103)-(212,102)
(212,102)-(212,101)
(212,101)-(212,100)
(212,100)-(212,99)
(109,208)-(109,209)
(109,209)-(109,210)
(109,210)-(109,211)
(109,211)-(109,212)
(109,212)-(109,213)
(109,213)-(109,214)
(109,214)-(109,215)
(109,215)-(109,216)
(109,216)-(109,217)
(109,217)-(109,218)
(109,218)-(109,219)
(109,219)-(109,220)
(109,220)-(109,221)
(109,221)-(109,222)
(109,222)-(109,223)
(109,223)-(109,224)
(109,224)-(109,225)
(109,225)-(109,226)
(109,226)-(109,227)
(109,227)-(109,228)
(109,228)-(109,229)
(109,229)-(109,230)
(109,230)-(109,231)
(109,231)-(109,232)
(109,232)-(109,233)
(109,233)-(109,234)
(109,234)-(109,235)
(109,235)-(109,236)
(109,236)-(109,237)
(109,237)-(109,238)
(109,238)-(109,239)
(109,239)-(109,240)
(109,240)-(110,240)
(110,240)-(111,240)
(111,240)-(112,240)
(112,240)-(113,240)
(113,240)-(114,240)
(114,240)-(115,240)
(115,240)-(116,240)
(116,240)-(117,240)
(117,240)-(118,240)
(118,240)-(119,240)
(119,240)-(120,240)
(120,240)-(121,240)
(121,240)-(122,240)
(122,240)-(123,240)
(123,240)-(124,240)
(124,240)-(125,240)
(39,146)-(38,146)
(38,146)-(37,146)
(37,146)-(36,146)
(36,146)-(35,146)
(35,146)-(34,146)
(34,146)-(33,146)
(33,146)-(32,146)
(32,146)-(31,146)
(31,146)-(30,146)
(30,146)-(29,146)
(29,146)-(28,146)
(28,146)-(27,146)
(27,146)-(26,146)
(26,146)-(25,146)
(25,146)-(24,146)
(24,146)-(23,146)
(23,146)-(22,146)
(22,146)-(21,146)
(21,146)-(20,146)
(127,43)-(126,43)
(126,43)-(125,43)
(125,43)-(124,43)
(124,43)-(123,43)
(123,43)-(122,43)
(122,43)-(121,43)
(121,43)-(120,43)
(120,43)-(119,43)
(119,43)-(118,43)
(118,43)-(117,43)
(117,43)-(116,43)
(116,43)-(115,43)
(115,43)-(114,43)
(114,43)-(113,43)
(113,43)-(112,43)
(112,43)-(111,43)
(111,43)-(110,43)
(110,43)-(109,43)
(109,43)-(108,43)
(108,43)-(107,43)
(107,43)-(106,43)
(106,43)-(105,43)
(105,43)-(105,42)
(105,42)-(105,41)
(105,41)-(105,40)
(105,40)-(105,39)
(105,39)-(105,38)
(105,38)-(105,37)
(105,37)-(105,36)
(105,36)-(105,35)
(105,35)-(105,34)
(105,34)-(105,33)
(105,33)-(105,32)
(105,32)-(105,31)
(105,31)-(105,30)
(105,30)-(105,29)
(105,29)-(105,28)
(105,28)-(105,27)
(105,27)-(105,26)
(105,26)-(105,25)
(105,25)-(105,24)
(105,24)-(105,23)
(105,23)-(105,22)
(105,22)-(105,21)
(105,21)-(105,20)
(105,20)-(105,19)
(220,117)-(220,118)
(220,118)-(220,119)
(220,119)-(220,120)
(220,120)-(220,121)
(220,121)-(220,122)
(220,122)-(220,123)
(220,123)-(220,124)
(220,124)-(220,125)
(220,125)-(220,126)
(220,126)-(220,127)
(220,127)-(220,128)
(220,128)-(220,129)
(220,129)-(220,130)
(220,130)-(221,130)
(221,130)-(222,130)
(222,130)-(223,130)
(223,130)-(224,130)
(224,130)-(225,130)
(225,130)-(226,130)
(226,130)-(227,130)
(227,130)-(228,130)
(228,130)-(229,130)
(229,130)-(230,130)
(230,130)-(231,130)
(231,130)-(232,130)
(232,130)-(233,130)
(233,130)-(234,130)
(234,130)-(235,130)
(235,130)-(236,130)
(236,130)-(237,130)
(237,130)-(238,130)
(238,130)-(239,130)
(239,130)-(240,130)
(240,130)-(241,130)
(241,130)-(242,130)
(242,130)-(243,130)
(243,130)-(244,130)
(109,231)-(108,231)
(108,231)-(107,231)
(107,231)-(106,231)
(106,231)-(105,231)
(105,231)-(104,231)
(104,231)-(103,231)
(42,155)-(42,156)
(42,156)-(42,157)
(42,157)-(42,158)
(42,158)-(42,159)
(42,159)-(42,160)
(42,160)-(42,161)
(42,161)-(42,162)
(42,162)-(42,163)
(42,163)-(42,164)
(42,164)-(42,165)
(42,165)-(42,166)
(42,166)-(42,167)
(42,167)-(42,168)
(42,168)-(42,169)
(42,169)-(42,170)
(42,170)-(42,171)
(42,171)-(42,172)
(42,172)-(42,173)
(42,173)-(42,174)
(42,174)-(42,175)
(42,175)-(42,176)
(42,176)-(42,177)
(42,177)-(42,178)
(42,178)-(42,179)
(42,179)-(42,180)
(42,180)-(43,180)
(43,180)-(44,180)
(43,180)-(43,181)
(43,181)-(43,182)
(43,182)-(43,183)
(43,183)-(43,184)
(43,184)-(43,185)
(43,185)-(43,186)
(43,186)-(44,186)
(44,186)-(45,186)
(21,146)-(21,147)
(21,147)-(21,148)
(21,148)-(21,149)
(21,149)-(21,150)
(21,150)-(21,151)
(21,151)-(21,152)
(21,152)-(21,153)
(21,153)-(20,153)
(20,153)-(19,153)
(19,153)-(19,154)
(19,154)-(18,154)
(18,154)-(17,154)
(17,154)-(16,154)
(16,154)-(15,154)
(15,154)-(14,154)
(14,154)-(14,155)
(14,155)-(14,156)
(14,156)-(14,157)
(14,157)-(14,158)
(14,158)-(14,159)
(14,159)-(14,160)
(14,160)-(14,161)
(14,161)-(14,162)
(14,162)-(15,162)
(15,162)-(16,162)
(212,100)-(212,99)
(212,99)-(212,98)
(212,98)-(212,97)
(212,97)-(212,96)
(212,96)-(212,95)
(212,95)-(212,94)
(212,94)-(212,93)
(212,93)-(212,92)
(212,92)-(212,91)
(212,91)-(212,90)
(212,90)-(212,89)
(212,89)-(212,88)
(212,88)-(212,87)
(212,87)-(212,86)
(212,86)-(212,85)
(212,85)-(212,84)
(212,84)-(212,83)
(212,83)-(212,82)
(212,82)-(212,81)
(212,81)-(212,80)
(212,80)-(212,79)
(212,79)-(212,78)
(212,78)-(212,77)
(212,77)-(212,76)
(212,76)-(213,76)
(213,76)-(214,76)
(214,76)-(215,76)
(215,76)-(216,76)
(216,76)-(217,76)
(217,76)-(218,76)
(218,76)-(219,76)
(219,76)-(220,76)
(220,76)-(221,76)
(50,92)-(49,92)
(49,92)-(48,92)
(48,92)-(47,92)
(47,92)-(46,92)
(46,92)-(45,92)
(45,92)-(44,92)
(44,92)-(43,92)
(43,92)-(42,92)
(42,92)-(41,92)
(41,92)-(40,92)
(40,92)-(39,92)
(39,92)-(38,92)
(38,92)-(37,92)
(37,92)-(36,92)
(36,92)-(35,92)
(35,92)-(34,92)
(34,92)-(33,92)
(33,92)-(32,92)
(32,92)-(31,92)
(31,92)-(30,92)
(30,92)-(29,92)
(29,92)-(28,92)
(28,92)-(27,92)
(27,92)-(26,92)
(26,92)-(25,92)
(25,92)-(24,92)
(24,92)-(24,91)
(24,91)-(24,90)
(24,90)-(24,89)
(24,89)-(24,88)
(24,88)-(24,87)
(24,87)-(24,86)
(24,86)-(24,85)
(24,85)-(24,84)
(24,84)-(24,83)
(24,83)-(24,82)
(24,82)-(24,81)
(24,81)-(24,80)
(24,80)-(24,79)
(24,79)-(24,78)
(24,78)-(24,77)
(24,77)-(24,76)
(24,76)-(24,75)
(24,75)-(24,74)
(170,77)-(170,76)
(170,76)-(170,75)
(170,75)-(170,74)
(170,74)-(170,73)
(170,73)-(170,72)
(170,72)-(170,71)
(170,71)-(170,70)
(170,70)-(170,69)
(170,69)-(170,68)
(170,68)-(170,67)
(170,67)-(170,66)
(170,66)-(170,65)
(170,65)-(170,64)
(170,64)-(170,63)
(170,63)-(170,62)
(170,62)-(170,61)
(170,61)-(170,60)
(170,60)-(170,59)
(170,59)-(170,58)
(170,58)-(170,57)
(170,57)-(170,56)
(170,56)-(170,55)
(170,55)-(170,54)
(170,54)-(170,53)
(170,53)-(170,52)
(170,52)-(170,51)
(170,51)-(170,50)
(170,50)-(170,49)
(170,49)-(170,48)
(170,48)-(170,47)
(170,47)-(170,46)
(170,46)-(170,45)
(170,45)-(170,44)
(170,44)-(170,43)
(170,43)-(170,42)
(170,42)-(170,41)
(170,41)-(170,40)
(170,40)-(170,39)
(170,39)-(170,38)
(170,38)-(170,37)
(170,37)-(170,36)
(170,36)-(170,35)
(170,35)-(170,34)
(170,34)-(170,33)
(170,33)-(170,32)
(170,32)-(170,31)
(170,31)-(170,30)
(170,30)-(170,29)
(170,29)-(170,28)
(170,28)-(170,27)
(170,27)-(170,26)
(170,26)-(170,25)
(170,25)-(170,24)
(170,24)-(170,23)
(170,23)-(170,22)
(170,22)-(170,21)
(212,76)-(211,76)
(211,76)-(210,76)
(210,76)-(209,76)
(209,76)-(208,76)
(208,76)-(207,76)
(207,76)-(206,76)
(206,76)-(205,76)
(205,76)-(204,76)
(204,76)-(204,75)
(204,75)-(204,74)
(204,74)-(204,73)
(204,73)-(204,72)
(204,72)-(204,71)
(204,71)-(204,70)
(204,70)-(204,69)
(204,69)-(204,68)
(204,68)-(204,67)
(204,67)-(204,66)
(204,66)-(204,65)
(204,65)-(204,64)
(204,64)-(204,63)
(204,63)-(204,62)
(204,62)-(204,61)
(204,61)-(204,60)
(204,60)-(204,59)
(204,59)-(204,58)
(204,58)-(204,57)
(204,57)-(204,56)
(204,56)-(204,55)
(204,55)-(204,54)
(204,54)-(204,53)
(204,53)-(204,52)
(204,52)-(204,51)
(44,186)-(44,187)
(44,187)-(44,188)
(44,188)-(44,189)
(44,189)-(44,190)
(44,190)-(44,191)
(44,191)-(44,192)
(44,192)-(44,193)
(44,193)-(44,194)
(44,194)-(44,195)
(44,195)-(44,196)
(44,196)-(44,197)
(44,197)-(44,198)
(44,198)-(44,199)
(44,199)-(44,200)
(44,200)-(44,201)
(44,201)-(44,202)
(44,202)-(44,203)
(44,203)-(44,204)
(44,204)-(44,205)
(44,205)-(44,206)
(44,206)-(44,207)
(44,207)-(45,207)
(45,207)-(46,207)
(46,207)-(47,207)
(47,207)-(48,207)
(48,207)-(49,207)
(49,207)-(49,208)
(49,208)-(49,209)
(49,209)-(49,210)
(49,210)-(49,211)
(49,211)-(49,212)
(49,212)-(49,213)
(49,213)-(49,214)
(49,214)-(49,215)
(49,215)-(49,216)
(49,216)-(49,217)
(49,217)-(50,217)
(50,217)-(51,217)
(51,217)-(52,217)
(52,217)-(53,217)
(53,217)-(54,217)
(54,217)-(55,217)
(55,217)-(56,217)
(56,217)-(57,217)
(204,52)-(203,52)
(203,52)-(202,52)
(202,52)-(201,52)
(201,52)-(200,52)
(200,52)-(199,52)
(199,52)-(198,52)
(198,52)-(197,52)
(197,52)-(196,52)
(196,52)-(195,52)
(195,52)-(195,51)
(195,51)-(195,50)
(195,50)-(195,49)
(195,49)-(195,48)
(195,48)-(195,47)
(195,47)-(195,46)
(195,46)-(195,45)
(195,45)-(195,44)
(195,44)-(195,43)
(195,43)-(195,42)
(195,42)-(195,41)
(195,41)-(195,40)
(195,40)-(195,39)
(195,39)-(195,38)
(195,38)-(195,37)
(195,37)-(195,36)
(195,36)-(195,35)
(109,240)-(109,241)
(109,241)-(109,242)
(109,242)-(109,243)
(109,243)-(109,244)
(109,244)-(109,245)
(109,245)-(109,246)
(109,246)-(109,247)
(109,247)-(108,247)
(108,247)-(107,247)
(107,247)-(106,247)
(106,247)-(105,247)
(105,247)-(104,247)
(104,247)-(103,247)
(103,247)-(102,247)
(102,247)-(101,247)
(101,247)-(100,247)
(100,247)-(99,247)
(99,247)-(98,247)
(98,247)-(97,247)
(97,247)-(96,247)
(96,247)-(95,247)
(95,247)-(94,247)
(94,247)-(93,247)
(93,247)-(92,247)
(92,247)-(91,247)
(91,247)-(90,247)
(90,247)-(89,247)
(89,247)-(88,247)
(88,247)-(87,247)
(87,247)-(86,247)
(86,247)-(85,247)
(85,247)-(84,247)
(84,247)-(83,247)
(83,247)-(82,247)
(82,247)-(81,247)
(81,247)-(80,247)
(80,247)-(79,247)
(79,247)-(78,247)
(78,247)-(77,247)
(195,36)-(195,35)
(195,35)-(195,34)
(195,34)-(195,33)
(195,33)-(195,32)
(195,32)-(195,31)
(195,31)-(195,30)
(195,30)-(195,29)
(195,29)-(195,28)
(195,28)-(195,27)
(195,27)-(196,27)
(196,27)-(197,27)
(197,27)-(198,27)
(198,27)-(199,27)
(199,27)-(200,27)
(200,27)-(201,27)
(201,27)-(202,27)
(202,27)-(203,27)
(203,27)-(204,27)
(204,27)-(205,27)
(205,27)-(206,27)
(206,27)-(207,27)
(207,27)-(208,27)
(208,27)-(209,27)
(209,27)-(210,27)
(210,27)-(211,27)
(211,27)-(211,28)
(211,28)-(211,29)
(211,29)-(211,30)
(211,30)-(211,31)
(211,31)-(211,32)
(211,32)-(211,33)
(211,33)-(211,34)
(211,34)-(211,35)
(211,35)-(211,36)
(211,36)-(211,37)
(211,37)-(211,38)
(211,38)-(211,39)
(211,39)-(211,40)
(211,40)-(211,41)
(211,41)-(211,42)
(211,42)-(211,43)
(211,43)-(211,44)
(211,44)-(211,45)
(211,45)-(211,46)
(211,46)-(211,47)
(211,47)-(212,47)
(212,47)-(213,47)
(105,20)-(104,20)
(104,20)-(103,20)
(103,20)-(102,20)
(102,20)-(101,20)
(101,20)-(100,20)
(100,20)-(99,20)
(99,20)-(98,20)
(98,20)-(97,20)
(97,20)-(96,20)
(96,20)-(95,20)
(95,20)-(94,20)
(94,20)-(93,20)
(93,20)-(92,20)
(92,20)-(91,20)
(91,20)-(90,20)
(90,20)-(89,20)
(89,20)-(88,20)
(88,20)-(87,20)
(87,20)-(86,20)
(86,20)-(85,20)
(85,20)-(84,20)
(84,20)-(83,20)
(83,20)-(82,20)
(82,20)-(81,20)
(81,20)-(80,20)
(80,20)-(79,20)
(79,20)-(78,20)
(78,20)-(77,20)
(77,20)-(76,20)
(76,20)-(75,20)
(75,20)-(74,20)
(74,20)-(73,20)
(73,20)-(72,20)
(72,20)-(71,20)
(71,20)-(70,20)
(70,20)-(69,20)
(69,20)-(69,19)
(69,19)-(69,18)
(69,18)-(68,18)
(68,18)-(67,18)
(67,18)-(66,18)
(66,18)-(65,18)
(65,18)-(64,18)
(64,18)-(63,18)
(63,18)-(62,18)
(62,18)-(61,18)
(61,18)-(60,18)
(60,18)-(59,18)
(59,18)-(59,17)
(158,199)-(158,200)
(158,200)-(158,201)
(158,201)-(158,202)
(158,202)-(158,203)
(158,203)-(158,204)
(158,204)-(158,205)
(158,205)-(158,206)
(158,206)-(158,207)
(158,207)-(158,208)
(158,208)-(158,209)
(158,209)-(158,210)
(158,210)-(158,211)
(158,211)-(158,212)
(158,212)-(158,213)
(158,213)-(158,214)
(158,214)-(158,215)
(158,215)-(158,216)
(158,216)-(158,217)
(158,217)-(158,218)
(158,218)-(158,219)
(158,219)-(158,220)
(158,220)-(159,220)
(159,220)-(160,220)
(160,220)-(161,220)
(161,220)-(162,220)
(162,220)-(163,220)
(163,220)-(164,220)
(164,220)-(165,220)
(165,220)-(166,220)
(166,220)-(167,220)
(167,220)-(168,220)
(168,220)-(169,220)
(169,220)-(170,220)
(170,220)-(171,220)
(171,220)-(172,220)
(172,220)-(173,220)
(173,220)-(174,220)
(174,220)-(175,220)
(175,220)-(176,220)
(176,220)-(177,220)
(177,220)-(178,220)
(178,220)-(179,220)
(179,220)-(180,220)
(180,220)-(181,220)
(181,220)-(182,220)
(182,220)-(183,220)
(183,220)-(184,220)
(184,220)-(185,220)
(185,220)-(186,220)
(186,220)-(187,220)
(187,220)-(188,220)
(188,220)-(189,220)
(189,220)-(190,220)
(190,220)-(191,220)
(191,220)-(192,220)
(192,220)-(193,220)
(193,220)-(194,220)
(194,220)-(195,220)
(195,220)-(196,220)
(196,220)-(197,220)
(197,220)-(198,220)
(198,220)-(199,220)
(199,220)-(200,220)
(200,220)-(201,220)
(201,220)-(202,220)
(46,207)-(46,208)
(46,208)-(46,209)
(46,209)-(46,210)
(46,210)-(46,211)
(46,211)-(46,212)
(46,212)-(46,213)
(46,213)-(46,214)
(46,214)-(46,215)
(46,215)-(46,216)
(46,216)-(46,217)
(46,217)-(46,218)
(46,218)-(46,219)
(46,219)-(46,220)
(46,220)-(46,221)
(46,221)-(46,222)
(46,222)-(46,223)
(46,223)-(46,224)
(46,223)-(46,224)
(46,224)-(46,225)
(46,225)-(46,226)
(46,226)-(46,227)
(46,227)-(46,228)
(46,228)-(46,229)
(46,229)-(47,229)
(47,229)-(48,229)
(48,229)-(49,229)
(14,162)-(14,163)
(14,163)-(14,164)
(14,164)-(14,165)
(14,165)-(14,166)
(14,166)-(14,167)
(14,167)-(14,168)
(14,168)-(14,169)
(14,169)-(14,170)
(14,170)-(14,171)
(14,171)-(14,172)
(14,172)-(14,173)
(14,173)-(14,174)
(14,174)-(14,175)
(14,175)-(14,176)
(14,176)-(14,177)
(14,177)-(14,178)
(14,178)-(14,179)
(14,179)-(14,180)
(14,180)-(14,181)
(14,181)-(14,182)
(14,182)-(14,183)
(14,183)-(14,184)
(14,184)-(14,185)
(14,185)-(14,186)
(14,186)-(13,186)
(13,186)-(12,186)
(12,186)-(11,186)
(11,186)-(10,186)
(10,186)-(9,186)
(9,186)-(8,186)
(8,186)-(7,186)
(7,186)-(6,186)
(6,186)-(5,186)
(5,186)-(4,186)
(4,186)-(3,186)
(3,186)-(2,186)
(201,220)-(201,219)
(201,219)-(201,218)
(201,218)-(201,217)
(201,217)-(201,216)
(201,216)-(201,215)
(201,215)-(201,214)
(201,214)-(201,213)
(201,213)-(201,212)
(201,212)-(201,211)
(201,211)-(201,210)
(201,210)-(201,209)
(201,209)-(201,208)
(201,208)-(201,207)
(201,207)-(201,206)
(201,206)-(201,205)
(201,205)-(202,205)
(202,205)-(203,205)
(203,205)-(204,205)
(204,205)-(205,205)
(205,205)-(206,205)
(206,205)-(207,205)
(207,205)-(208,205)
(208,205)-(209,205)
(209,205)-(210,205)
(210,205)-(211,205)
(211,205)-(212,205)
(212,205)-(213,205)
(213,205)-(214,205)
(214,205)-(215,205)
(215,205)-(216,205)
(216,205)-(217,205)
(217,205)-(218,205)
(218,205)-(219,205)
(219,205)-(220,205)
(220,205)-(221,205)
(221,205)-(222,205)
(222,205)-(223,205)
(223,205)-(224,205)
(224,205)-(225,205)
(225,205)-(226,205)
(226,205)-(227,205)
(59,18)-(58,18)
(58,18)-(57,18)
(57,18)-(56,18)
(56,18)-(55,18)
(55,18)-(54,18)
(54,18)-(53,18)
(53,18)-(52,18)
(52,18)-(51,18)
(51,18)-(50,18)
(50,18)-(49,18)
(49,18)-(48,18)
(48,18)-(47,18)
(47,18)-(46,18)
(46,18)-(45,18)
(45,18)-(44,18)
(46,222)-(45,222)
(45,222)-(44,222)
(44,222)-(43,222)
(43,222)-(42,222)
(42,222)-(41,222)
(41,222)-(40,222)
(40,222)-(39,222)
(39,222)-(38,222)
(38,222)-(37,222)
(37,222)-(36,222)
(36,222)-(35,222)
(35,222)-(34,222)
(34,222)-(33,222)
(33,222)-(32,222)
(32,222)-(31,222)
(31,222)-(30,222)
(30,222)-(29,222)
(29,222)-(28,222)
(28,222)-(27,222)
(27,222)-(26,222)
(26,222)-(25,222)
(25,222)-(24,222)
(24,222)-(23,222)
(23,222)-(22,222)
(226,205)-(226,206)
(226,206)-(226,207)
(226,207)-(226,208)
(226,208)-(226,209)
(226,209)-(226,210)
(226,210)-(226,211)
(226,211)-(226,212)
(226,212)-(226,213)
(226,213)-(227,213)
(227,213)-(228,213)
(228,213)-(229,213)
(229,213)-(230,213)
(230,213)-(231,213)
(231,213)-(232,213)
(232,213)-(233,213)
(233,213)-(234,213)
(234,213)-(235,213)
(235,213)-(236,213)
(236,213)-(237,213)
(237,213)-(238,213)
(238,213)-(239,213)
(206,27)-(206,26)
(206,26)-(206,25)
(206,25)-(206,24)
(206,24)-(206,23)
(206,23)-(206,22)
(206,22)-(206,21)
(206,21)-(206,20)
(206,20)-(206,19)
(206,19)-(206,18)
(206,18)-(206,17)
(206,17)-(206,16)
(206,16)-(206,15)
(206,15)-(206,14)
(206,14)-(206,13)
(206,13)-(206,12)
(206,12)-(206,11)
(206,11)-(206,10)
(206,10)-(206,9)
(206,9)-(206,8)
(206,8)-(206,7)
(206,7)-(206,6)
(206,6)-(206,5)
(201,220)-(201,221)
(201,221)-(201,222)
(201,222)-(201,223)
(201,223)-(201,224)
(201,224)-(201,225)
(201,225)-(201,226)
(201,226)-(201,227)
(201,227)-(201,228)
(201,228)-(201,229)
(201,229)-(201,230)
(201,230)-(201,231)
(201,231)-(201,232)
(201,232)-(201,233)
(201,233)-(201,234)
(201,234)-(201,235)
(201,235)-(201,236)
(201,236)-(201,237)
(201,237)-(201,238)
(201,238)-(201,239)
(201,239)-(201,240)
(201,240)-(201,241)
(201,241)-(201,242)
(201,242)-(202,242)
(202,242)-(203,242)
(203,242)-(204,242)
(204,242)-(205,242)
(205,242)-(206,242)
(206,242)-(207,242)
(207,242)-(208,242)
(208,242)-(209,242)
(209,242)-(210,242)
(210,242)-(210,243)
(210,243)-(210,244)
(210,244)-(210,245)
(210,245)-(210,246)
(45,18)-(44,18)
(44,18)-(43,18)
(43,18)-(42,18)
(42,18)-(41,18)
(41,18)-(40,18)
(40,18)-(39,18)
(39,18)-(38,18)
(38,18)-(37,18)
(37,18)-(36,18)
(36,18)-(35,18)
(35,18)-(34,18)
(34,18)-(33,18)
(33,18)-(32,18)
(32,18)-(31,18)
(31,18)-(30,18)
(30,18)-(29,18)
(29,18)-(28,18)
(28,18)-(27,18)
(27,18)-(26,18)
(26,18)-(25,18)
(25,18)-(24,18)
(24,18)-(23,18)
(23,18)-(22,18)
(22,18)-(21,18)
(21,18)-(20,18)
(20,18)-(19,18)
(19,18)-(19,17)
(19,17)-(19,16)
(19,16)-(19,15)
(19,15)-(19,14)
(19,18)-(19,19)
(19,19)-(19,20)
(19,20)-(19,21)
(19,21)-(19,22)
(19,22)-(19,23)
(19,23)-(19,24)
(19,24)-(19,25)
(19,25)-(19,26)
(19,26)-(18,26)
(18,26)-(17,26)
(17,26)-(16,26)
(16,26)-(15,26)
(15,26)-(14,26)
(14,26)-(13,26)
(13,26)-(12,26)
(12,26)-(11,26)
(11,26)-(10,26)
(10,26)-(9,26)
(9,26)-(8,26)
(8,26)-(7,26)
(7,26)-(6,26)
(6,26)-(5,26)
(23,222)-(23,223)
(23,223)-(23,224)
(23,224)-(23,225)
(23,225)-(23,226)
(23,226)-(23,227)
(23,227)-(23,228)
(23,228)-(23,229)
(23,229)-(23,230)
(23,230)-(23,231)
(23,231)-(23,232)
(23,232)-(23,233)
(23,233)-(23,234)
(23,234)-(23,235)
(23,235)-(23,236)
(23,236)-(23,237)
(23,237)-(23,238)
(23,238)-(23,239)
(23,239)-(23,240)
(23,240)-(23,241)
(23,241)-(23,242)
(23,242)-(23,243)
(23,243)-(22,243)
(22,243)-(21,243)
(21,243)-(20,243)
(20,243)-(19,243)
(19,243)-(18,243)
(18,243)-(17,243)
(17,243)-(16,243)
(16,243)-(15,243)
(15,243)-(14,243)
(14,243)-(13,243)
(13,243)-(12,243)
(12,243)-(11,243)
(11,243)-(10,243)
(10,243)-(9,243)
(9,243)-(8,243)
(8,243)-(7,243)
(7,243)-(6,243)
(6,243)-(5,243)
!
