Net 0:
(44, 31), (44, 32), (43, 32), (43, 33), (42, 33), (41, 33), (41, 34), (41, 35), (41, 36), (41, 37), (41, 38), (42, 38), (43, 38), (44, 38), (45, 38), (45, 39), (45, 40), (46, 40), (47, 40), (47, 41), (47, 42), (47, 43), (48, 43), (48, 44), (48, 45), (49, 45), (50, 45), (51, 45), (52, 45), (53, 45), (54, 45), (54, 44), (54, 43), (54, 42), (54, 41), (54, 40), (55, 40), (56, 40), (57, 40), (58, 40), (59, 40), (60, 40), (61, 40), (61, 39), (61, 38), (62, 38), (62, 37), (62, 36), (62, 35), (62, 34), (62, 33), (62, 32), (63, 32), (64, 32), (65, 32), (66, 32), (67, 32), (67, 31), (68, 31), (69, 31), (70, 31), (71, 31), (72, 31), (72, 30), (72, 29), (73, 29), (74, 29), (74, 28), (75, 28), (76, 28), (76, 27), (77, 27), (78, 27), (79, 27), (80, 27), (81, 27), (82, 27), (83, 27), (84, 27), (85, 27), (86, 27), (87, 27), (88, 27), (89, 27), (90, 27), (91, 27), (92, 27), (92, 26), (92, 25), (92, 24), (92, 23), (92, 22), (92, 21), (92, 20), (92, 19), (92, 18), (92, 17), (92, 16), (92, 15), (92, 14), (92, 13), (93, 13), (93, 12), (94, 12), (95, 12), (95, 11), (95, 10), (95, 9), (96, 9), (96, 8), (97, 8), (0, 673433972), (99, 8), 

