net000000 0 112                     
(99,8)-(98,8)
(98,8)-(97,8)
(97,8)-(96,8)
(96,8)-(95,8)
(95,8)-(94,8)
(94,8)-(93,8)
(93,8)-(93,9)
(93,9)-(92,9)
(92,9)-(92,10)
(92,10)-(92,11)
(92,11)-(92,12)
(92,12)-(92,13)
(92,13)-(92,14)
(92,14)-(92,15)
(92,15)-(92,16)
(92,16)-(92,17)
(92,17)-(92,18)
(92,18)-(92,19)
(92,19)-(92,20)
(92,20)-(92,21)
(92,21)-(92,22)
(92,22)-(92,23)
(92,23)-(92,24)
(92,24)-(92,25)
(92,25)-(92,26)
(92,26)-(92,27)
(92,27)-(91,27)
(91,27)-(90,27)
(90,27)-(89,27)
(89,27)-(88,27)
(88,27)-(87,27)
(87,27)-(86,27)
(86,27)-(85,27)
(85,27)-(84,27)
(84,27)-(83,27)
(83,27)-(82,27)
(82,27)-(81,27)
(81,27)-(80,27)
(80,27)-(79,27)
(79,27)-(78,27)
(78,27)-(77,27)
(77,27)-(76,27)
(76,27)-(76,28)
(76,28)-(75,28)
(75,28)-(74,28)
(74,28)-(74,29)
(74,29)-(73,29)
(73,29)-(72,29)
(72,29)-(72,30)
(72,30)-(72,31)
(72,31)-(71,31)
(71,31)-(70,31)
(70,31)-(70,32)
(70,32)-(69,32)
(69,32)-(68,32)
(68,32)-(68,33)
(68,33)-(67,33)
(67,33)-(66,33)
(66,33)-(65,33)
(65,33)-(65,34)
(65,34)-(64,34)
(64,34)-(63,34)
(63,34)-(63,35)
(63,35)-(63,36)
(63,36)-(63,37)
(63,37)-(63,38)
(63,38)-(63,39)
(63,39)-(63,40)
(63,40)-(63,41)
(63,41)-(62,41)
(62,41)-(61,41)
(61,41)-(60,41)
(60,41)-(59,41)
(59,41)-(58,41)
(58,41)-(57,41)
(57,41)-(57,42)
(57,42)-(57,43)
(57,43)-(56,43)
(56,43)-(55,43)
(55,43)-(54,43)
(54,43)-(54,44)
(54,44)-(54,45)
(54,45)-(53,45)
(53,45)-(52,45)
(52,45)-(51,45)
(51,45)-(51,44)
(51,44)-(50,44)
(50,44)-(49,44)
(49,44)-(49,43)
(49,43)-(49,42)
(49,42)-(48,42)
(48,42)-(48,41)
(48,41)-(48,40)
(48,40)-(47,40)
(47,40)-(47,39)
(47,39)-(47,38)
(47,38)-(46,38)
(46,38)-(45,38)
(45,38)-(44,38)
(44,38)-(43,38)
(43,38)-(42,38)
(42,38)-(41,38)
(41,38)-(41,37)
(41,37)-(41,36)
(41,36)-(41,35)
(41,35)-(41,34)
(41,34)-(41,33)
(41,33)-(42,33)
(42,33)-(43,33)
(43,33)-(43,32)
(43,32)-(43,31)
(43,31)-(44,31)
!
